// !$*UTF8*$!
{
	archiveVersion = 1;
	classes = {
	};
	objectVersion = 77;
	objects = {

/* Begin PBXContainerItemProxy section */
		E6892EB92E27E6DD00FCD290 /* PBXContainerItemProxy */ = {
			isa = PBXContainerItemProxy;
			containerPortal = E6892EA32E27E6DB00FCD290 /* Project object */;
			proxyType = 1;
			remoteGlobalIDString = E6892EAA2E27E6DB00FCD290;
			remoteInfo = "Aisle Mock Project";
		};
		E6892EC32E27E6DD00FCD290 /* PBXContainerItemProxy */ = {
			isa = PBXContainerItemProxy;
			containerPortal = E6892EA32E27E6DB00FCD290 /* Project object */;
			proxyType = 1;
			remoteGlobalIDString = E6892EAA2E27E6DB00FCD290;
			remoteInfo = "Aisle Mock Project";
		};
/* End PBXContainerItemProxy section */

/* Begin PBXFileReference section */
		E6892EAB2E27E6DB00FCD290 /* Aisle Mock Project.app */ = {isa = PBXFileReference; explicitFileType = wrapper.application; includeInIndex = 0; path = "Aisle Mock Project.app"; sourceTree = BUILT_PRODUCTS_DIR; };
		E6892EB82E27E6DD00FCD290 /* Aisle Mock ProjectTests.xctest */ = {isa = PBXFileReference; explicitFileType = wrapper.cfbundle; includeInIndex = 0; path = "Aisle Mock ProjectTests.xctest"; sourceTree = BUILT_PRODUCTS_DIR; };
		E6892EC22E27E6DD00FCD290 /* Aisle Mock ProjectUITests.xctest */ = {isa = PBXFileReference; explicitFileType = wrapper.cfbundle; includeInIndex = 0; path = "Aisle Mock ProjectUITests.xctest"; sourceTree = BUILT_PRODUCTS_DIR; };
/* End PBXFileReference section */

/* Begin PBXFileSystemSynchronizedRootGroup section */
		E6892EAD2E27E6DB00FCD290 /* Aisle Mock Project */ = {
			isa = PBXFileSystemSynchronizedRootGroup;
			path = "Aisle Mock Project";
			sourceTree = "<group>";
		};
		E6892EBB2E27E6DD00FCD290 /* Aisle Mock ProjectTests */ = {
			isa = PBXFileSystemSynchronizedRootGroup;
			path = "Aisle Mock ProjectTests";
			sourceTree = "<group>";
		};
		E6892EC52E27E6DD00FCD290 /* Aisle Mock ProjectUITests */ = {
			isa = PBXFileSystemSynchronizedRootGroup;
			path = "Aisle Mock ProjectUITests";
			sourceTree = "<group>";
		};
/* End PBXFileSystemSynchronizedRootGroup section */

/* Begin PBXFrameworksBuildPhase section */
		E6892EA82E27E6DB00FCD290 /* Frameworks */ = {
			isa = PBXFrameworksBuildPhase;
			buildActionMask = 2147483647;
			files = (
			);
			runOnlyForDeploymentPostprocessing = 0;
		};
		E6892EB52E27E6DC00FCD290 /* Frameworks */ = {
			isa = PBXFrameworksBuildPhase;
			buildActionMask = 2147483647;
			files = (
			);
			runOnlyForDeploymentPostprocessing = 0;
		};
		E6892EBF2E27E6DD00FCD290 /* Frameworks */ = {
			isa = PBXFrameworksBuildPhase;
			buildActionMask = 2147483647;
			files = (
			);
			runOnlyForDeploymentPostprocessing = 0;
		};
/* End PBXFrameworksBuildPhase section */

/* Begin PBXGroup section */
		E6892EA22E27E6DB00FCD290 = {
			isa = PBXGroup;
			children = (
				E6892EAD2E27E6DB00FCD290 /* Aisle Mock Project */,
				E6892EBB2E27E6DD00FCD290 /* Aisle Mock ProjectTests */,
				E6892EC52E27E6DD00FCD290 /* Aisle Mock ProjectUITests */,
				E6892EAC2E27E6DB00FCD290 /* Products */,
			);
			sourceTree = "<group>";
		};
		E6892EAC2E27E6DB00FCD290 /* Products */ = {
			isa = PBXGroup;
			children = (
				E6892EAB2E27E6DB00FCD290 /* Aisle Mock Project.app */,
				E6892EB82E27E6DD00FCD290 /* Aisle Mock ProjectTests.xctest */,
				E6892EC22E27E6DD00FCD290 /* Aisle Mock ProjectUITests.xctest */,
			);
			name = Products;
			sourceTree = "<group>";
		};
/* End PBXGroup section */

/* Begin PBXNativeTarget section */
		E6892EAA2E27E6DB00FCD290 /* Aisle Mock Project */ = {
			isa = PBXNativeTarget;
			buildConfigurationList = E6892ECC2E27E6DD00FCD290 /* Build configuration list for PBXNativeTarget "Aisle Mock Project" */;
			buildPhases = (
				E6892EA72E27E6DB00FCD290 /* Sources */,
				E6892EA82E27E6DB00FCD290 /* Frameworks */,
				E6892EA92E27E6DB00FCD290 /* Resources */,
			);
			buildRules = (
			);
			dependencies = (
			);
			fileSystemSynchronizedGroups = (
				E6892EAD2E27E6DB00FCD290 /* Aisle Mock Project */,
			);
			name = "Aisle Mock Project";
			packageProductDependencies = (
			);
			productName = "Aisle Mock Project";
			productReference = E6892EAB2E27E6DB00FCD290 /* Aisle Mock Project.app */;
			productType = "com.apple.product-type.application";
		};
		E6892EB72E27E6DC00FCD290 /* Aisle Mock ProjectTests */ = {
			isa = PBXNativeTarget;
			buildConfigurationList = E6892ECF2E27E6DD00FCD290 /* Build configuration list for PBXNativeTarget "Aisle Mock ProjectTests" */;
			buildPhases = (
				E6892EB42E27E6DC00FCD290 /* Sources */,
				E6892EB52E27E6DC00FCD290 /* Frameworks */,
				E6892EB62E27E6DC00FCD290 /* Resources */,
			);
			buildRules = (
			);
			dependencies = (
				E6892EBA2E27E6DD00FCD290 /* PBXTargetDependency */,
			);
			fileSystemSynchronizedGroups = (
				E6892EBB2E27E6DD00FCD290 /* Aisle Mock ProjectTests */,
			);
			name = "Aisle Mock ProjectTests";
			packageProductDependencies = (
			);
			productName = "Aisle Mock ProjectTests";
			productReference = E6892EB82E27E6DD00FCD290 /* Aisle Mock ProjectTests.xctest */;
			productType = "com.apple.product-type.bundle.unit-test";
		};
		E6892EC12E27E6DD00FCD290 /* Aisle Mock ProjectUITests */ = {
			isa = PBXNativeTarget;
			buildConfigurationList = E6892ED22E27E6DD00FCD290 /* Build configuration list for PBXNativeTarget "Aisle Mock ProjectUITests" */;
			buildPhases = (
				E6892EBE2E27E6DD00FCD290 /* Sources */,
				E6892EBF2E27E6DD00FCD290 /* Frameworks */,
				E6892EC02E27E6DD00FCD290 /* Resources */,
			);
			buildRules = (
			);
			dependencies = (
				E6892EC42E27E6DD00FCD290 /* PBXTargetDependency */,
			);
			fileSystemSynchronizedGroups = (
				E6892EC52E27E6DD00FCD290 /* Aisle Mock ProjectUITests */,
			);
			name = "Aisle Mock ProjectUITests";
			packageProductDependencies = (
			);
			productName = "Aisle Mock ProjectUITests";
			productReference = E6892EC22E27E6DD00FCD290 /* Aisle Mock ProjectUITests.xctest */;
			productType = "com.apple.product-type.bundle.ui-testing";
		};
/* End PBXNativeTarget section */

/* Begin PBXProject section */
		E6892EA32E27E6DB00FCD290 /* Project object */ = {
			isa = PBXProject;
			attributes = {
				BuildIndependentTargetsInParallel = 1;
				LastSwiftUpdateCheck = 1640;
				LastUpgradeCheck = 1640;
				TargetAttributes = {
					E6892EAA2E27E6DB00FCD290 = {
						CreatedOnToolsVersion = 16.4;
					};
					E6892EB72E27E6DC00FCD290 = {
						CreatedOnToolsVersion = 16.4;
						TestTargetID = E6892EAA2E27E6DB00FCD290;
					};
					E6892EC12E27E6DD00FCD290 = {
						CreatedOnToolsVersion = 16.4;
						TestTargetID = E6892EAA2E27E6DB00FCD290;
					};
				};
			};
			buildConfigurationList = E6892EA62E27E6DB00FCD290 /* Build configuration list for PBXProject "Aisle Mock Project" */;
			developmentRegion = en;
			hasScannedForEncodings = 0;
			knownRegions = (
				en,
				Base,
			);
			mainGroup = E6892EA22E27E6DB00FCD290;
			minimizedProjectReferenceProxies = 1;
			preferredProjectObjectVersion = 77;
			productRefGroup = E6892EAC2E27E6DB00FCD290 /* Products */;
			projectDirPath = "";
			projectRoot = "";
			targets = (
				E6892EAA2E27E6DB00FCD290 /* Aisle Mock Project */,
				E6892EB72E27E6DC00FCD290 /* Aisle Mock ProjectTests */,
				E6892EC12E27E6DD00FCD290 /* Aisle Mock ProjectUITests */,
			);
		};
/* End PBXProject section */

/* Begin PBXResourcesBuildPhase section */
		E6892EA92E27E6DB00FCD290 /* Resources */ = {
			isa = PBXResourcesBuildPhase;
			buildActionMask = 2147483647;
			files = (
			);
			runOnlyForDeploymentPostprocessing = 0;
		};
		E6892EB62E27E6DC00FCD290 /* Resources */ = {
			isa = PBXResourcesBuildPhase;
			buildActionMask = 2147483647;
			files = (
			);
			runOnlyForDeploymentPostprocessing = 0;
		};
		E6892EC02E27E6DD00FCD290 /* Resources */ = {
			isa = PBXResourcesBuildPhase;
			buildActionMask = 2147483647;
			files = (
			);
			runOnlyForDeploymentPostprocessing = 0;
		};
/* End PBXResourcesBuildPhase section */

/* Begin PBXSourcesBuildPhase section */
		E6892EA72E27E6DB00FCD290 /* Sources */ = {
			isa = PBXSourcesBuildPhase;
			buildActionMask = 2147483647;
			files = (
			);
			runOnlyForDeploymentPostprocessing = 0;
		};
		E6892EB42E27E6DC00FCD290 /* Sources */ = {
			isa = PBXSourcesBuildPhase;
			buildActionMask = 2147483647;
			files = (
			);
			runOnlyForDeploymentPostprocessing = 0;
		};
		E6892EBE2E27E6DD00FCD290 /* Sources */ = {
			isa = PBXSourcesBuildPhase;
			buildActionMask = 2147483647;
			files = (
			);
			runOnlyForDeploymentPostprocessing = 0;
		};
/* End PBXSourcesBuildPhase section */

/* Begin PBXTargetDependency section */
		E6892EBA2E27E6DD00FCD290 /* PBXTargetDependency */ = {
			isa = PBXTargetDependency;
			target = E6892EAA2E27E6DB00FCD290 /* Aisle Mock Project */;
			targetProxy = E6892EB92E27E6DD00FCD290 /* PBXContainerItemProxy */;
		};
		E6892EC42E27E6DD00FCD290 /* PBXTargetDependency */ = {
			isa = PBXTargetDependency;
			target = E6892EAA2E27E6DB00FCD290 /* Aisle Mock Project */;
			targetProxy = E6892EC32E27E6DD00FCD290 /* PBXContainerItemProxy */;
		};
/* End PBXTargetDependency section */

/* Begin XCBuildConfiguration section */
		E6892ECA2E27E6DD00FCD290 /* Debug */ = {
			isa = XCBuildConfiguration;
			buildSettings = {
				ALWAYS_SEARCH_USER_PATHS = NO;
				ASSETCATALOG_COMPILER_GENERATE_SWIFT_ASSET_SYMBOL_EXTENSIONS = YES;
				CLANG_ANALYZER_NONNULL = YES;
				CLANG_ANALYZER_NUMBER_OBJECT_CONVERSION = YES_AGGRESSIVE;
				CLANG_CXX_LANGUAGE_STANDARD = "gnu++20";
				CLANG_ENABLE_MODULES = YES;
				CLANG_ENABLE_OBJC_ARC = YES;
				CLANG_ENABLE_OBJC_WEAK = YES;
				CLANG_WARN_BLOCK_CAPTURE_AUTORELEASING = YES;
				CLANG_WARN_BOOL_CONVERSION = YES;
				CLANG_WARN_COMMA = YES;
				CLANG_WARN_CONSTANT_CONVERSION = YES;
				CLANG_WARN_DEPRECATED_OBJC_IMPLEMENTATIONS = YES;
				CLANG_WARN_DIRECT_OBJC_ISA_USAGE = YES_ERROR;
				CLANG_WARN_DOCUMENTATION_COMMENTS = YES;
				CLANG_WARN_EMPTY_BODY = YES;
				CLANG_WARN_ENUM_CONVERSION = YES;
				CLANG_WARN_INFINITE_RECURSION = YES;
				CLANG_WARN_INT_CONVERSION = YES;
				CLANG_WARN_NON_LITERAL_NULL_CONVERSION = YES;
				CLANG_WARN_OBJC_IMPLICIT_RETAIN_SELF = YES;
				CLANG_WARN_OBJC_LITERAL_CONVERSION = YES;
				CLANG_WARN_OBJC_ROOT_CLASS = YES_ERROR;
				CLANG_WARN_QUOTED_INCLUDE_IN_FRAMEWORK_HEADER = YES;
				CLANG_WARN_RANGE_LOOP_ANALYSIS = YES;
				CLANG_WARN_STRICT_PROTOTYPES = YES;
				CLANG_WARN_SUSPICIOUS_MOVE = YES;
				CLANG_WARN_UNGUARDED_AVAILABILITY = YES_AGGRESSIVE;
				CLANG_WARN_UNREACHABLE_CODE = YES;
				CLANG_WARN__DUPLICATE_METHOD_MATCH = YES;
				COPY_PHASE_STRIP = NO;
				DEBUG_INFORMATION_FORMAT = dwarf;
				DEVELOPMENT_TEAM = L8R5R635W4;
				ENABLE_STRICT_OBJC_MSGSEND = YES;
				ENABLE_TESTABILITY = YES;
				ENABLE_USER_SCRIPT_SANDBOXING = YES;
				GCC_C_LANGUAGE_STANDARD = gnu17;
				GCC_DYNAMIC_NO_PIC = NO;
				GCC_NO_COMMON_BLOCKS = YES;
				GCC_OPTIMIZATION_LEVEL = 0;
				GCC_PREPROCESSOR_DEFINITIONS = (
					"DEBUG=1",
					"$(inherited)",
				);
				GCC_WARN_64_TO_32_BIT_CONVERSION = YES;
				GCC_WARN_ABOUT_RETURN_TYPE = YES_ERROR;
				GCC_WARN_UNDECLARED_SELECTOR = YES;
				GCC_WARN_UNINITIALIZED_AUTOS = YES_AGGRESSIVE;
				GCC_WARN_UNUSED_FUNCTION = YES;
				GCC_WARN_UNUSED_VARIABLE = YES;
				IPHONEOS_DEPLOYMENT_TARGET = 18.5;
				LOCALIZATION_PREFERS_STRING_CATALOGS = YES;
				MTL_ENABLE_DEBUG_INFO = INCLUDE_SOURCE;
				MTL_FAST_MATH = YES;
				ONLY_ACTIVE_ARCH = YES;
				SDKROOT = iphoneos;
				SWIFT_ACTIVE_COMPILATION_CONDITIONS = "DEBUG $(inherited)";
				SWIFT_OPTIMIZATION_LEVEL = "-Onone";
			};
			name = Debug;
		};
		E6892ECB2E27E6DD00FCD290 /* Release */ = {
			isa = XCBuildConfiguration;
			buildSettings = {
				ALWAYS_SEARCH_USER_PATHS = NO;
				ASSETCATALOG_COMPILER_GENERATE_SWIFT_ASSET_SYMBOL_EXTENSIONS = YES;
				CLANG_ANALYZER_NONNULL = YES;
				CLANG_ANALYZER_NUMBER_OBJECT_CONVERSION = YES_AGGRESSIVE;
				CLANG_CXX_LANGUAGE_STANDARD = "gnu++20";
				CLANG_ENABLE_MODULES = YES;
				CLANG_ENABLE_OBJC_ARC = YES;
				CLANG_ENABLE_OBJC_WEAK = YES;
				CLANG_WARN_BLOCK_CAPTURE_AUTORELEASING = YES;
				CLANG_WARN_BOOL_CONVERSION = YES;
				CLANG_WARN_COMMA = YES;
				CLANG_WARN_CONSTANT_CONVERSION = YES;
				CLANG_WARN_DEPRECATED_OBJC_IMPLEMENTATIONS = YES;
				CLANG_WARN_DIRECT_OBJC_ISA_USAGE = YES_ERROR;
				CLANG_WARN_DOCUMENTATION_COMMENTS = YES;
				CLANG_WARN_EMPTY_BODY = YES;
				CLANG_WARN_ENUM_CONVERSION = YES;
				CLANG_WARN_INFINITE_RECURSION = YES;
				CLANG_WARN_INT_CONVERSION = YES;
				CLANG_WARN_NON_LITERAL_NULL_CONVERSION = YES;
				CLANG_WARN_OBJC_IMPLICIT_RETAIN_SELF = YES;
				CLANG_WARN_OBJC_LITERAL_CONVERSION = YES;
				CLANG_WARN_OBJC_ROOT_CLASS = YES_ERROR;
				CLANG_WARN_QUOTED_INCLUDE_IN_FRAMEWORK_HEADER = YES;
				CLANG_WARN_RANGE_LOOP_ANALYSIS = YES;
				CLANG_WARN_STRICT_PROTOTYPES = YES;
				CLANG_WARN_SUSPICIOUS_MOVE = YES;
				CLANG_WARN_UNGUARDED_AVAILABILITY = YES_AGGRESSIVE;
				CLANG_WARN_UNREACHABLE_CODE = YES;
				CLANG_WARN__DUPLICATE_METHOD_MATCH = YES;
				COPY_PHASE_STRIP = NO;
				DEBUG_INFORMATION_FORMAT = "dwarf-with-dsym";
				DEVELOPMENT_TEAM = L8R5R635W4;
				ENABLE_NS_ASSERTIONS = NO;
				ENABLE_STRICT_OBJC_MSGSEND = YES;
				ENABLE_USER_SCRIPT_SANDBOXING = YES;
				GCC_C_LANGUAGE_STANDARD = gnu17;
				GCC_NO_COMMON_BLOCKS = YES;
				GCC_WARN_64_TO_32_BIT_CONVERSION = YES;
				GCC_WARN_ABOUT_RETURN_TYPE = YES_ERROR;
				GCC_WARN_UNDECLARED_SELECTOR = YES;
				GCC_WARN_UNINITIALIZED_AUTOS = YES_AGGRESSIVE;
				GCC_WARN_UNUSED_FUNCTION = YES;
				GCC_WARN_UNUSED_VARIABLE = YES;
				IPHONEOS_DEPLOYMENT_TARGET = 18.5;
				LOCALIZATION_PREFERS_STRING_CATALOGS = YES;
				MTL_ENABLE_DEBUG_INFO = NO;
				MTL_FAST_MATH = YES;
				SDKROOT = iphoneos;
				SWIFT_COMPILATION_MODE = wholemodule;
				VALIDATE_PRODUCT = YES;
			};
			name = Release;
		};
		E6892ECD2E27E6DD00FCD290 /* Debug */ = {
			isa = XCBuildConfiguration;
			buildSettings = {
				ASSETCATALOG_COMPILER_APPICON_NAME = AppIcon;
				ASSETCATALOG_COMPILER_GLOBAL_ACCENT_COLOR_NAME = AccentColor;
				CODE_SIGN_STYLE = Automatic;
				CURRENT_PROJECT_VERSION = 1;
				DEVELOPMENT_TEAM = L8R5R635W4;
				ENABLE_PREVIEWS = YES;
				GENERATE_INFOPLIST_FILE = YES;
				INFOPLIST_KEY_UIApplicationSceneManifest_Generation = YES;
				INFOPLIST_KEY_UIApplicationSupportsIndirectInputEvents = YES;
				INFOPLIST_KEY_UILaunchScreen_Generation = YES;
				INFOPLIST_KEY_UISupportedInterfaceOrientations_iPad = "UIInterfaceOrientationPortrait UIInterfaceOrientationPortraitUpsideDown UIInterfaceOrientationLandscapeLeft UIInterfaceOrientationLandscapeRight";
				INFOPLIST_KEY_UISupportedInterfaceOrientations_iPhone = "UIInterfaceOrientationPortrait UIInterfaceOrientationLandscapeLeft UIInterfaceOrientationLandscapeRight";
				LD_RUNPATH_SEARCH_PATHS = (
					"$(inherited)",
					"@executable_path/Frameworks",
				);
				MARKETING_VERSION = 1.0;
				PRODUCT_BUNDLE_IDENTIFIER = "com.cykul.Aisle-Mock-Project";
				PRODUCT_NAME = "$(TARGET_NAME)";
				SWIFT_EMIT_LOC_STRINGS = YES;
				SWIFT_VERSION = 5.0;
				TARGETED_DEVICE_FAMILY = "1,2";
			};
			name = Debug;
		};
		E6892ECE2E27E6DD00FCD290 /* Release */ = {
			isa = XCBuildConfiguration;
			buildSettings = {
				ASSETCATALOG_COMPILER_APPICON_NAME = AppIcon;
				ASSETCATALOG_COMPILER_GLOBAL_ACCENT_COLOR_NAME = AccentColor;
				CODE_SIGN_STYLE = Automatic;
				CURRENT_PROJECT_VERSION = 1;
				DEVELOPMENT_TEAM = L8R5R635W4;
				ENABLE_PREVIEWS = YES;
				GENERATE_INFOPLIST_FILE = YES;
				INFOPLIST_KEY_UIApplicationSceneManifest_Generation = YES;
				INFOPLIST_KEY_UIApplicationSupportsIndirectInputEvents = YES;
				INFOPLIST_KEY_UILaunchScreen_Generation = YES;
				INFOPLIST_KEY_UISupportedInterfaceOrientations_iPad = "UIInterfaceOrientationPortrait UIInterfaceOrientationPortraitUpsideDown UIInterfaceOrientationLandscapeLeft UIInterfaceOrientationLandscapeRight";
				INFOPLIST_KEY_UISupportedInterfaceOrientations_iPhone = "UIInterfaceOrientationPortrait UIInterfaceOrientationLandscapeLeft UIInterfaceOrientationLandscapeRight";
				LD_RUNPATH_SEARCH_PATHS = (
					"$(inherited)",
					"@executable_path/Frameworks",
				);
				MARKETING_VERSION = 1.0;
				PRODUCT_BUNDLE_IDENTIFIER = "com.cykul.Aisle-Mock-Project";
				PRODUCT_NAME = "$(TARGET_NAME)";
				SWIFT_EMIT_LOC_STRINGS = YES;
				SWIFT_VERSION = 5.0;
				TARGETED_DEVICE_FAMILY = "1,2";
			};
			name = Release;
		};
		E6892ED02E27E6DD00FCD290 /* Debug */ = {
			isa = XCBuildConfiguration;
			buildSettings = {
				BUNDLE_LOADER = "$(TEST_HOST)";
				CODE_SIGN_STYLE = Automatic;
				CURRENT_PROJECT_VERSION = 1;
				DEVELOPMENT_TEAM = L8R5R635W4;
				GENERATE_INFOPLIST_FILE = YES;
				IPHONEOS_DEPLOYMENT_TARGET = 18.5;
				MARKETING_VERSION = 1.0;
				PRODUCT_BUNDLE_IDENTIFIER = "com.cykul.Aisle-Mock-ProjectTests";
				PRODUCT_NAME = "$(TARGET_NAME)";
				SWIFT_EMIT_LOC_STRINGS = NO;
				SWIFT_VERSION = 5.0;
				TARGETED_DEVICE_FAMILY = "1,2";
				TEST_HOST = "$(BUILT_PRODUCTS_DIR)/Aisle Mock Project.app/$(BUNDLE_EXECUTABLE_FOLDER_PATH)/Aisle Mock Project";
			};
			name = Debug;
		};
		E6892ED12E27E6DD00FCD290 /* Release */ = {
			isa = XCBuildConfiguration;
			buildSettings = {
				BUNDLE_LOADER = "$(TEST_HOST)";
				CODE_SIGN_STYLE = Automatic;
				CURRENT_PROJECT_VERSION = 1;
				DEVELOPMENT_TEAM = L8R5R635W4;
				GENERATE_INFOPLIST_FILE = YES;
				IPHONEOS_DEPLOYMENT_TARGET = 18.5;
				MARKETING_VERSION = 1.0;
				PRODUCT_BUNDLE_IDENTIFIER = "com.cykul.Aisle-Mock-ProjectTests";
				PRODUCT_NAME = "$(TARGET_NAME)";
				SWIFT_EMIT_LOC_STRINGS = NO;
				SWIFT_VERSION = 5.0;
				TARGETED_DEVICE_FAMILY = "1,2";
				TEST_HOST = "$(BUILT_PRODUCTS_DIR)/Aisle Mock Project.app/$(BUNDLE_EXECUTABLE_FOLDER_PATH)/Aisle Mock Project";
			};
			name = Release;
		};
		E6892ED32E27E6DD00FCD290 /* Debug */ = {
			isa = XCBuildConfiguration;
			buildSettings = {
				CODE_SIGN_STYLE = Automatic;
				CURRENT_PROJECT_VERSION = 1;
				DEVELOPMENT_TEAM = L8R5R635W4;
				GENERATE_INFOPLIST_FILE = YES;
				MARKETING_VERSION = 1.0;
				PRODUCT_BUNDLE_IDENTIFIER = "com.cykul.Aisle-Mock-ProjectUITests";
				PRODUCT_NAME = "$(TARGET_NAME)";
				SWIFT_EMIT_LOC_STRINGS = NO;
				SWIFT_VERSION = 5.0;
				TARGETED_DEVICE_FAMILY = "1,2";
				TEST_TARGET_NAME = "Aisle Mock Project";
			};
			name = Debug;
		};
		E6892ED42E27E6DD00FCD290 /* Release */ = {
			isa = XCBuildConfiguration;
			buildSettings = {
				CODE_SIGN_STYLE = Automatic;
				CURRENT_PROJECT_VERSION = 1;
				DEVELOPMENT_TEAM = L8R5R635W4;
				GENERATE_INFOPLIST_FILE = YES;
				MARKETING_VERSION = 1.0;
				PRODUCT_BUNDLE_IDENTIFIER = "com.cykul.Aisle-Mock-ProjectUITests";
				PRODUCT_NAME = "$(TARGET_NAME)";
				SWIFT_EMIT_LOC_STRINGS = NO;
				SWIFT_VERSION = 5.0;
				TARGETED_DEVICE_FAMILY = "1,2";
				TEST_TARGET_NAME = "Aisle Mock Project";
			};
			name = Release;
		};
/* End XCBuildConfiguration section */

/* Begin XCConfigurationList section */
		E6892EA62E27E6DB00FCD290 /* Build configuration list for PBXProject "Aisle Mock Project" */ = {
			isa = XCConfigurationList;
			buildConfigurations = (
				E6892ECA2E27E6DD00FCD290 /* Debug */,
				E6892ECB2E27E6DD00FCD290 /* Release */,
			);
			defaultConfigurationIsVisible = 0;
			defaultConfigurationName = Release;
		};
		E6892ECC2E27E6DD00FCD290 /* Build configuration list for PBXNativeTarget "Aisle Mock Project" */ = {
			isa = XCConfigurationList;
			buildConfigurations = (
				E6892ECD2E27E6DD00FCD290 /* Debug */,
				E6892ECE2E27E6DD00FCD290 /* Release */,
			);
			defaultConfigurationIsVisible = 0;
			defaultConfigurationName = Release;
		};
		E6892ECF2E27E6DD00FCD290 /* Build configuration list for PBXNativeTarget "Aisle Mock ProjectTests" */ = {
			isa = XCConfigurationList;
			buildConfigurations = (
				E6892ED02E27E6DD00FCD290 /* Debug */,
				E6892ED12E27E6DD00FCD290 /* Release */,
			);
			defaultConfigurationIsVisible = 0;
			defaultConfigurationName = Release;
		};
		E6892ED22E27E6DD00FCD290 /* Build configuration list for PBXNativeTarget "Aisle Mock ProjectUITests" */ = {
			isa = XCConfigurationList;
			buildConfigurations = (
				E6892ED32E27E6DD00FCD290 /* Debug */,
				E6892ED42E27E6DD00FCD290 /* Release */,
			);
			defaultConfigurationIsVisible = 0;
			defaultConfigurationName = Release;
		};
/* End XCConfigurationList section */
	};
	rootObject = E6892EA32E27E6DB00FCD290 /* Project object */;
}
